{
  "name": "tidb-link-sdks",
  "lockfileVersion": 3,
  "requires": true,
  "packages": {
    "": {
      "name": "tidb-link-sdks",
      "workspaces": [
        "typescript"
      ],
      "devDependencies": {
        "typescript": "5.9.2"
      },
      "engines": {
        "node": ">=22.12"
      }
    },
    "node_modules/@mem9/tidb-link": {
      "resolved": "typescript",
      "link": true
    },
    "node_modules/typescript": {
      "version": "5.9.2",
      "dev": true,
      "license": "Apache-2.0",
      "bin": {
        "tsc": "bin/tsc",
        "tsserver": "bin/tsserver"
      },
      "engines": {
        "node": ">=14.17"
      }
    },
    "typescript": {
      "name": "@mem9/tidb-link",
      "version": "0.3.0",
      "license": "Apache-2.0",
      "engines": {
        "node": ">=22.12"
      }
    }
  }
}
